
Microsoft Visual Studio Solution File, Format Version 12.00
# Visual Studio Version 16
VisualStudioVersion = 16.0.30524.135
MinimumVisualStudioVersion = 10.0.40219.1
Project("{9092AA53-FB77-4645-B42D-1CCCA6BD08BD}") = "BCT", "BCT\BCT.njsproj", "{3C105D36-8052-44D5-B6CB-7B685199F640}"
EndProject
Global
	GlobalSection(SolutionConfigurationPlatforms) = preSolution
		Debug|Any CPU = Debug|Any CPU
		Release|Any CPU = Release|Any CPU
	EndGlobalSection
	GlobalSection(ProjectConfigurationPlatforms) = postSolution
		{3C105D36-8052-44D5-B6CB-7B685199F640}.Debug|Any CPU.ActiveCfg = Debug|Any CPU
		{3C105D36-8052-44D5-B6CB-7B685199F640}.Debug|Any CPU.Build.0 = Debug|Any CPU
		{3C105D36-8052-44D5-B6CB-7B685199F640}.Release|Any CPU.ActiveCfg = Release|Any CPU
		{3C105D36-8052-44D5-B6CB-7B685199F640}.Release|Any CPU.Build.0 = Release|Any CPU
	EndGlobalSection
	GlobalSection(SolutionProperties) = preSolution
		HideSolutionNode = FALSE
	EndGlobalSection
	GlobalSection(ExtensibilityGlobals) = postSolution
		SolutionGuid = {3C80BCF8-5840-4F75-A1EA-9D5650791FF8}
	EndGlobalSection
EndGlobal
